
Microsoft Visual Studio Solution File, Format Version 12.00
# Visual Studio Version 17
VisualStudioVersion = 17.0.31919.166
MinimumVisualStudioVersion = 10.0.40219.1
Project("{FAE04EC0-301F-11D3-BF4B-00C04F79EFBC}") = "Insolaris.Kernel", "Insolaris.Kernel\Insolaris.Kernel.csproj", "{5CF1EB4E-7919-4247-94FA-A52495882EAC}"
EndProject
Global
	GlobalSection(SolutionConfigurationPlatforms) = preSolution
		Debug|Any CPU = Debug|Any CPU
		Release|Any CPU = Release|Any CPU
	EndGlobalSection
	GlobalSection(ProjectConfigurationPlatforms) = postSolution
		{5CF1EB4E-7919-4247-94FA-A52495882EAC}.Debug|Any CPU.ActiveCfg = Debug|Any CPU
		{5CF1EB4E-7919-4247-94FA-A52495882EAC}.Debug|Any CPU.Build.0 = Debug|Any CPU
		{5CF1EB4E-7919-4247-94FA-A52495882EAC}.Release|Any CPU.ActiveCfg = Release|Any CPU
		{5CF1EB4E-7919-4247-94FA-A52495882EAC}.Release|Any CPU.Build.0 = Release|Any CPU
	EndGlobalSection
	GlobalSection(SolutionProperties) = preSolution
		HideSolutionNode = FALSE
	EndGlobalSection
	GlobalSection(ExtensibilityGlobals) = postSolution
		SolutionGuid = {1AD7034D-C3F8-4E24-A13A-FC1C6BA0BDD8}
	EndGlobalSection
EndGlobal
